{
  "name": "opcon",
  "lockfileVersion": 3,
  "requires": true,
  "packages": {
    "": {
      "name": "opcon",
      "devDependencies": {
        "prettier": "^3.7.4",
        "turbo": "^2.9.12"
      },
      "engines": {
        "node": ">=18"
      }
    },
    "node_modules/@turbo/darwin-64": {
      "version": "2.9.12",
      "resolved": "https://registry.npmjs.org/@turbo/darwin-64/-/darwin-64-2.9.12.tgz",
      "integrity": "sha512-eu3eFRmE9NjgZ0wPdRJ44l+LGSeIky+tz5ZQd8zQkw/Yqi+BM7wq+8nbabeoiVUcICi/IZweMOKl/MCmkrd1+g==",
      "cpu": [
        "x64"
      ],
      "dev": true,
      "optional": true,
      "os": [
        "darwin"
      ]
    },
    "node_modules/@turbo/darwin-arm64": {
      "version": "2.9.12",
      "resolved": "https://registry.npmjs.org/@turbo/darwin-arm64/-/darwin-arm64-2.9.12.tgz",
      "integrity": "sha512-RUkAE404z/J8NsyrUosMcBaXT6M4bRFxTQrmkDQBLQVXaC8Jl0e9bMvYDSX0GW7Ffm2m3j9y7RXgR1foeUAM9w==",
      "cpu": [
        "arm64"
      ],
      "dev": true,
      "optional": true,
      "os": [
        "darwin"
      ]
    },
    "node_modules/@turbo/linux-64": {
      "version": "2.9.12",
      "resolved": "https://registry.npmjs.org/@turbo/linux-64/-/linux-64-2.9.12.tgz",
      "integrity": "sha512-InIUtH7cw/vqXNX1Gr7QgWfmw3ct08pV5CpfdEOR48z2u2rzdmpIuk00B/Q2xCb0PMWtKgiMQynfuphmEuUyTQ==",
      "cpu": [
        "x64"
      ],
      "dev": true,
      "optional": true,
      "os": [
        "linux"
      ]
    },
    "node_modules/@turbo/linux-arm64": {
      "version": "2.9.12",
      "resolved": "https://registry.npmjs.org/@turbo/linux-arm64/-/linux-arm64-2.9.12.tgz",
      "integrity": "sha512-lC6nD//Xh67fmJM0LKaLsg74Wry0aYrgMklpiNgCbUaMdPIOqj0A00iri3NU7Lb7pZHx8ViisgpeDKlpSgFUCA==",
      "cpu": [
        "arm64"
      ],
      "dev": true,
      "optional": true,
      "os": [
        "linux"
      ]
    },
    "node_modules/@turbo/windows-64": {
      "version": "2.9.12",
      "resolved": "https://registry.npmjs.org/@turbo/windows-64/-/windows-64-2.9.12.tgz",
      "integrity": "sha512-conYri8VUl72JOdYnLDPYwzqbPcY5ECoHmo9FWoKznemhaAIilj4maHqs9Uar0aKfNoZIULniy+6iWaLtLO34A==",
      "cpu": [
        "x64"
      ],
      "dev": true,
      "optional": true,
      "os": [
        "win32"
      ]
    },
    "node_modules/@turbo/windows-arm64": {
      "version": "2.9.12",
      "resolved": "https://registry.npmjs.org/@turbo/windows-arm64/-/windows-arm64-2.9.12.tgz",
      "integrity": "sha512-XoR4bsg62/L/esRVcmoMESEiNZ36+YmyjYGLpoqk8nwMgXzzVjNOgX0lRSz5w/U/ajLGv3nhMsS0Q2QOdvp2AQ==",
      "cpu": [
        "arm64"
      ],
      "dev": true,
      "optional": true,
      "os": [
        "win32"
      ]
    },
    "node_modules/prettier": {
      "version": "3.8.3",
      "resolved": "https://registry.npmjs.org/prettier/-/prettier-3.8.3.tgz",
      "integrity": "sha512-7igPTM53cGHMW8xWuVTydi2KO233VFiTNyF5hLJqpilHfmn8C8gPf+PS7dUT64YcXFbiMGZxS9pCSxL/Dxm/Jw==",
      "dev": true,
      "bin": {
        "prettier": "bin/prettier.cjs"
      },
      "engines": {
        "node": ">=14"
      },
      "funding": {
        "url": "https://github.com/prettier/prettier?sponsor=1"
      }
    },
    "node_modules/turbo": {
      "version": "2.9.12",
      "resolved": "https://registry.npmjs.org/turbo/-/turbo-2.9.12.tgz",
      "integrity": "sha512-lCPgus1NuTiBdaITWqzSH/Ff6HVL8HHGBtOXHg1dHRfcshN79XkygSdh0M6g8b0td91ILLG5MTkLOkp5UvyPJw==",
      "dev": true,
      "bin": {
        "turbo": "bin/turbo"
      },
      "optionalDependencies": {
        "@turbo/darwin-64": "2.9.12",
        "@turbo/darwin-arm64": "2.9.12",
        "@turbo/linux-64": "2.9.12",
        "@turbo/linux-arm64": "2.9.12",
        "@turbo/windows-64": "2.9.12",
        "@turbo/windows-arm64": "2.9.12"
      }
    }
  }
}
